# THIS IS AN AUTOGENERATED FILE. DO NOT EDIT THIS FILE DIRECTLY.
# yarn lockfile v1


"@orbit-online/task-runner@^1.0.1":
  version "1.0.1"
  resolved "https://registry.yarnpkg.com/@orbit-online/task-runner/-/task-runner-1.0.1.tgz#d3633b75847271fad99bf22431d764b81f52c789"
  integrity sha512-OSBxD6y0C59BUi0xfjgtfd4penxpg0lIxfztGa9aG3lMcJoUYCtiiOLb/fRQ/vLj/49hQ1eZJMz+QNaBo5d2oA==
