# THIS IS AN AUTOGENERATED FILE. DO NOT EDIT THIS FILE DIRECTLY.
# yarn lockfile v1


"@orbit-online/task-runner@^2.0.0":
  version "2.0.0"
  resolved "https://registry.yarnpkg.com/@orbit-online/task-runner/-/task-runner-2.0.0.tgz#9f82e116394488bd301cc9fa4d8479b0efff166a"
  integrity sha512-Ugclp4FQ8fc92srBzGvC/QHSvOLR8WVgF0WaiwRPb1GrqknFH4LXGXRAT+4Uwu48cSuPyuyrVshGZhOLPW5gSg==
